{
  "name": "dnbdplutils_v2",
  "version": "2.0.0",
  "lockfileVersion": 2,
  "requires": true,
  "packages": {
    "": {
      "name": "dnbdplutils_v2",
      "version": "2.0.0",
      "license": "Apache-2.0",
      "dependencies": {
        "limiter": "^2.0.1"
      }
    },
    "node_modules/just-performance": {
      "version": "4.2.0",
      "resolved": "https://registry.npmjs.org/just-performance/-/just-performance-4.2.0.tgz",
      "integrity": "sha512-4TikKSf+Gb+Et5SnA4ppyrxLSf9qWFq+SqfdDdrgHE1KLwSch/Zi1AQB0TrE4ppYjZdUrHnwdx+6dyx0cx/HyA=="
    },
    "node_modules/limiter": {
      "version": "2.0.1",
      "resolved": "https://registry.npmjs.org/limiter/-/limiter-2.0.1.tgz",
      "integrity": "sha512-OhORJ29edCj2WVLYEou3AVRYZmobyTOy2A9yvDuwL68teu+vWLLlnJxEBMH4gDXIKlkyCTBL9JDEygSPOiwfMg==",
      "dependencies": {
        "just-performance": "4.2.0"
      }
    }
  },
  "dependencies": {
    "just-performance": {
      "version": "4.2.0",
      "resolved": "https://registry.npmjs.org/just-performance/-/just-performance-4.2.0.tgz",
      "integrity": "sha512-4TikKSf+Gb+Et5SnA4ppyrxLSf9qWFq+SqfdDdrgHE1KLwSch/Zi1AQB0TrE4ppYjZdUrHnwdx+6dyx0cx/HyA=="
    },
    "limiter": {
      "version": "2.0.1",
      "resolved": "https://registry.npmjs.org/limiter/-/limiter-2.0.1.tgz",
      "integrity": "sha512-OhORJ29edCj2WVLYEou3AVRYZmobyTOy2A9yvDuwL68teu+vWLLlnJxEBMH4gDXIKlkyCTBL9JDEygSPOiwfMg==",
      "requires": {
        "just-performance": "4.2.0"
      }
    }
  }
}
